
Microsoft Visual Studio Solution File, Format Version 12.00
# Visual Studio Version 17
VisualStudioVersion = 17.2.32526.322
MinimumVisualStudioVersion = 10.0.40219.1
Project("{9A19103F-16F7-4668-BE54-9A1E7A4F7556}") = "GetFileSize", "ConsoleApp5\GetFileSize.csproj", "{7DDF8AF0-CDEF-499D-9C15-F74A6F43A360}"
EndProject
Global
	GlobalSection(SolutionConfigurationPlatforms) = preSolution
		Debug|Any CPU = Debug|Any CPU
		Release|Any CPU = Release|Any CPU
	EndGlobalSection
	GlobalSection(ProjectConfigurationPlatforms) = postSolution
		{7DDF8AF0-CDEF-499D-9C15-F74A6F43A360}.Debug|Any CPU.ActiveCfg = Debug|Any CPU
		{7DDF8AF0-CDEF-499D-9C15-F74A6F43A360}.Debug|Any CPU.Build.0 = Debug|Any CPU
		{7DDF8AF0-CDEF-499D-9C15-F74A6F43A360}.Release|Any CPU.ActiveCfg = Release|Any CPU
		{7DDF8AF0-CDEF-499D-9C15-F74A6F43A360}.Release|Any CPU.Build.0 = Release|Any CPU
	EndGlobalSection
	GlobalSection(SolutionProperties) = preSolution
		HideSolutionNode = FALSE
	EndGlobalSection
	GlobalSection(ExtensibilityGlobals) = postSolution
		SolutionGuid = {6E071DAE-E152-412D-AD06-B23E964916C9}
	EndGlobalSection
EndGlobal
